item-type:
  ==: NuminousItemType
  id: lock
  name: Lock
  categories:
    - ADVENTURING_GEAR
  rarity: COMMON
  minecraft-item:
    ==: org.bukkit.inventory.ItemStack
    v: 3337
    type: IRON_INGOT
    meta:
      ==: ItemMeta
      meta-type: UNSPECIFIC
      display-name: '{"extra":[{"bold":false,"italic":false,"underlined":false,"strikethrough":false,"obfuscated":false,"color":"#99918A","text":"Lock"}],"text":""}'
      lore:
        - '{"extra":[{"bold":false,"italic":false,"underlined":false,"strikethrough":false,"obfuscated":false,"color":"white","text":"The
          lock may be used on a chest or door to lock it."}],"text":""}'
  on-eat:
    - ==: Blocked
  on-interact-block: []
  on-interact-air:
    - ==: Blocked
  weight:
    ==: Weight
    value: 1
    unit: lb
  allow-log-entries: false